
Microsoft Visual Studio Solution File, Format Version 12.00
# Visual Studio Version 16
VisualStudioVersion = 16.0.810.25
MinimumVisualStudioVersion = 10.0.40219.1
Project("{FAE04EC0-301F-11D3-BF4B-00C04F79EFBC}") = "optimize_build_flag.iOS", "optimize_build_flag.iOS\optimize_build_flag.iOS.csproj", "{BECAB93F-A7B2-4D6A-AF14-A4C63BDB2497}"
EndProject
Project("{FAE04EC0-301F-11D3-BF4B-00C04F79EFBC}") = "optimize_build_flag", "optimize_build_flag\optimize_build_flag.csproj", "{604FE04A-F842-4CF6-9376-16C84FC1E6B1}"
EndProject
Global
	GlobalSection(SolutionConfigurationPlatforms) = preSolution
		Debug|iPhoneSimulator = Debug|iPhoneSimulator
		Release|iPhoneSimulator = Release|iPhoneSimulator
		Debug|iPhone = Debug|iPhone
		Release|iPhone = Release|iPhone
		Debug|Any CPU = Debug|Any CPU
		Release|Any CPU = Release|Any CPU
	EndGlobalSection
	GlobalSection(ProjectConfigurationPlatforms) = postSolution
		{BECAB93F-A7B2-4D6A-AF14-A4C63BDB2497}.Debug|iPhoneSimulator.ActiveCfg = Debug|iPhoneSimulator
		{BECAB93F-A7B2-4D6A-AF14-A4C63BDB2497}.Debug|iPhoneSimulator.Build.0 = Debug|iPhoneSimulator
		{BECAB93F-A7B2-4D6A-AF14-A4C63BDB2497}.Release|iPhoneSimulator.ActiveCfg = Release|iPhoneSimulator
		{BECAB93F-A7B2-4D6A-AF14-A4C63BDB2497}.Release|iPhoneSimulator.Build.0 = Release|iPhoneSimulator
		{BECAB93F-A7B2-4D6A-AF14-A4C63BDB2497}.Debug|iPhone.ActiveCfg = Debug|iPhone
		{BECAB93F-A7B2-4D6A-AF14-A4C63BDB2497}.Debug|iPhone.Build.0 = Debug|iPhone
		{BECAB93F-A7B2-4D6A-AF14-A4C63BDB2497}.Release|iPhone.ActiveCfg = Release|iPhone
		{BECAB93F-A7B2-4D6A-AF14-A4C63BDB2497}.Release|iPhone.Build.0 = Release|iPhone
		{BECAB93F-A7B2-4D6A-AF14-A4C63BDB2497}.Debug|Any CPU.ActiveCfg = Debug|iPhoneSimulator
		{BECAB93F-A7B2-4D6A-AF14-A4C63BDB2497}.Debug|Any CPU.Build.0 = Debug|iPhoneSimulator
		{BECAB93F-A7B2-4D6A-AF14-A4C63BDB2497}.Release|Any CPU.ActiveCfg = Release|iPhoneSimulator
		{BECAB93F-A7B2-4D6A-AF14-A4C63BDB2497}.Release|Any CPU.Build.0 = Release|iPhoneSimulator
		{604FE04A-F842-4CF6-9376-16C84FC1E6B1}.Debug|iPhoneSimulator.ActiveCfg = Debug|Any CPU
		{604FE04A-F842-4CF6-9376-16C84FC1E6B1}.Debug|iPhoneSimulator.Build.0 = Debug|Any CPU
		{604FE04A-F842-4CF6-9376-16C84FC1E6B1}.Release|iPhoneSimulator.ActiveCfg = Release|Any CPU
		{604FE04A-F842-4CF6-9376-16C84FC1E6B1}.Release|iPhoneSimulator.Build.0 = Release|Any CPU
		{604FE04A-F842-4CF6-9376-16C84FC1E6B1}.Debug|iPhone.ActiveCfg = Debug|Any CPU
		{604FE04A-F842-4CF6-9376-16C84FC1E6B1}.Debug|iPhone.Build.0 = Debug|Any CPU
		{604FE04A-F842-4CF6-9376-16C84FC1E6B1}.Release|iPhone.ActiveCfg = Release|Any CPU
		{604FE04A-F842-4CF6-9376-16C84FC1E6B1}.Release|iPhone.Build.0 = Release|Any CPU
		{604FE04A-F842-4CF6-9376-16C84FC1E6B1}.Debug|Any CPU.ActiveCfg = Debug|Any CPU
		{604FE04A-F842-4CF6-9376-16C84FC1E6B1}.Debug|Any CPU.Build.0 = Debug|Any CPU
		{604FE04A-F842-4CF6-9376-16C84FC1E6B1}.Release|Any CPU.ActiveCfg = Release|Any CPU
		{604FE04A-F842-4CF6-9376-16C84FC1E6B1}.Release|Any CPU.Build.0 = Release|Any CPU
	EndGlobalSection
	GlobalSection(SolutionProperties) = preSolution
		HideSolutionNode = FALSE
	EndGlobalSection
	GlobalSection(ExtensibilityGlobals) = postSolution
		SolutionGuid = {0DFCE176-1691-4FF9-B64B-F4C89336C0EA}
	EndGlobalSection
EndGlobal
